// !$*UTF8*$!
{
	archiveVersion = 1;
	classes = {
	};
	objectVersion = 50;
	objects = {

/* Begin PBXBuildFile section */
		1C33B9AB26245C0B00187C9B /* TopLineController.m in Sources */ = {isa = PBXBuildFile; fileRef = 1C33B9AA26245C0B00187C9B /* TopLineController.m */; };
		1C33B9B026245C1A00187C9B /* HotLineController.m in Sources */ = {isa = PBXBuildFile; fileRef = 1C33B9AF26245C1A00187C9B /* HotLineController.m */; };
		1C33B9B426245C2B00187C9B /* NPViedoController.m in Sources */ = {isa = PBXBuildFile; fileRef = 1C33B9B326245C2B00187C9B /* NPViedoController.m */; };
		1C33B9B826245C3900187C9B /* NPSocialController.m in Sources */ = {isa = PBXBuildFile; fileRef = 1C33B9B726245C3900187C9B /* NPSocialController.m */; };
		1C33B9BC26245C5000187C9B /* NPSubscribeController.m in Sources */ = {isa = PBXBuildFile; fileRef = 1C33B9BB26245C5000187C9B /* NPSubscribeController.m */; };
		1C33B9C026245C6100187C9B /* NPScienceController.m in Sources */ = {isa = PBXBuildFile; fileRef = 1C33B9BF26245C6100187C9B /* NPScienceController.m */; };
		1C33B9C626253AA600187C9B /* NewsMainController.m in Sources */ = {isa = PBXBuildFile; fileRef = 1C33B9C526253AA600187C9B /* NewsMainController.m */; };
		1CAB37D02623F43C00513FD5 /* AppDelegate.m in Sources */ = {isa = PBXBuildFile; fileRef = 1CAB37CF2623F43C00513FD5 /* AppDelegate.m */; };
		1CAB37D32623F43C00513FD5 /* SceneDelegate.m in Sources */ = {isa = PBXBuildFile; fileRef = 1CAB37D22623F43C00513FD5 /* SceneDelegate.m */; };
		1CAB37D62623F43C00513FD5 /* GenericWYNewsViewController.m in Sources */ = {isa = PBXBuildFile; fileRef = 1CAB37D52623F43C00513FD5 /* GenericWYNewsViewController.m */; };
		1CAB37D92623F43C00513FD5 /* Main.storyboard in Resources */ = {isa = PBXBuildFile; fileRef = 1CAB37D72623F43C00513FD5 /* Main.storyboard */; };
		1CAB37DB2623F43D00513FD5 /* Assets.xcassets in Resources */ = {isa = PBXBuildFile; fileRef = 1CAB37DA2623F43D00513FD5 /* Assets.xcassets */; };
		1CAB37DE2623F43D00513FD5 /* LaunchScreen.storyboard in Resources */ = {isa = PBXBuildFile; fileRef = 1CAB37DC2623F43D00513FD5 /* LaunchScreen.storyboard */; };
		1CAB37E12623F43D00513FD5 /* main.m in Sources */ = {isa = PBXBuildFile; fileRef = 1CAB37E02623F43D00513FD5 /* main.m */; };
/* End PBXBuildFile section */

/* Begin PBXFileReference section */
		1C33B8A22624349D00187C9B /* NPConstant.h */ = {isa = PBXFileReference; lastKnownFileType = sourcecode.c.h; path = NPConstant.h; sourceTree = "<group>"; };
		1C33B9A926245C0B00187C9B /* TopLineController.h */ = {isa = PBXFileReference; lastKnownFileType = sourcecode.c.h; path = TopLineController.h; sourceTree = "<group>"; };
		1C33B9AA26245C0B00187C9B /* TopLineController.m */ = {isa = PBXFileReference; lastKnownFileType = sourcecode.c.objc; path = TopLineController.m; sourceTree = "<group>"; };
		1C33B9AE26245C1A00187C9B /* HotLineController.h */ = {isa = PBXFileReference; lastKnownFileType = sourcecode.c.h; path = HotLineController.h; sourceTree = "<group>"; };
		1C33B9AF26245C1A00187C9B /* HotLineController.m */ = {isa = PBXFileReference; lastKnownFileType = sourcecode.c.objc; path = HotLineController.m; sourceTree = "<group>"; };
		1C33B9B226245C2B00187C9B /* NPViedoController.h */ = {isa = PBXFileReference; lastKnownFileType = sourcecode.c.h; path = NPViedoController.h; sourceTree = "<group>"; };
		1C33B9B326245C2B00187C9B /* NPViedoController.m */ = {isa = PBXFileReference; lastKnownFileType = sourcecode.c.objc; path = NPViedoController.m; sourceTree = "<group>"; };
		1C33B9B626245C3900187C9B /* NPSocialController.h */ = {isa = PBXFileReference; lastKnownFileType = sourcecode.c.h; path = NPSocialController.h; sourceTree = "<group>"; };
		1C33B9B726245C3900187C9B /* NPSocialController.m */ = {isa = PBXFileReference; lastKnownFileType = sourcecode.c.objc; path = NPSocialController.m; sourceTree = "<group>"; };
		1C33B9BA26245C5000187C9B /* NPSubscribeController.h */ = {isa = PBXFileReference; lastKnownFileType = sourcecode.c.h; path = NPSubscribeController.h; sourceTree = "<group>"; };
		1C33B9BB26245C5000187C9B /* NPSubscribeController.m */ = {isa = PBXFileReference; lastKnownFileType = sourcecode.c.objc; path = NPSubscribeController.m; sourceTree = "<group>"; };
		1C33B9BE26245C6100187C9B /* NPScienceController.h */ = {isa = PBXFileReference; lastKnownFileType = sourcecode.c.h; path = NPScienceController.h; sourceTree = "<group>"; };
		1C33B9BF26245C6100187C9B /* NPScienceController.m */ = {isa = PBXFileReference; lastKnownFileType = sourcecode.c.objc; path = NPScienceController.m; sourceTree = "<group>"; };
		1C33B9C426253AA600187C9B /* NewsMainController.h */ = {isa = PBXFileReference; lastKnownFileType = sourcecode.c.h; path = NewsMainController.h; sourceTree = "<group>"; };
		1C33B9C526253AA600187C9B /* NewsMainController.m */ = {isa = PBXFileReference; lastKnownFileType = sourcecode.c.objc; path = NewsMainController.m; sourceTree = "<group>"; };
		1CAB37CB2623F43C00513FD5 /* NewsProduct.app */ = {isa = PBXFileReference; explicitFileType = wrapper.application; includeInIndex = 0; path = NewsProduct.app; sourceTree = BUILT_PRODUCTS_DIR; };
		1CAB37CE2623F43C00513FD5 /* AppDelegate.h */ = {isa = PBXFileReference; lastKnownFileType = sourcecode.c.h; path = AppDelegate.h; sourceTree = "<group>"; };
		1CAB37CF2623F43C00513FD5 /* AppDelegate.m */ = {isa = PBXFileReference; lastKnownFileType = sourcecode.c.objc; path = AppDelegate.m; sourceTree = "<group>"; };
		1CAB37D12623F43C00513FD5 /* SceneDelegate.h */ = {isa = PBXFileReference; lastKnownFileType = sourcecode.c.h; path = SceneDelegate.h; sourceTree = "<group>"; };
		1CAB37D22623F43C00513FD5 /* SceneDelegate.m */ = {isa = PBXFileReference; lastKnownFileType = sourcecode.c.objc; path = SceneDelegate.m; sourceTree = "<group>"; };
		1CAB37D42623F43C00513FD5 /* GenericWYNewsViewController.h */ = {isa = PBXFileReference; lastKnownFileType = sourcecode.c.h; path = GenericWYNewsViewController.h; sourceTree = "<group>"; };
		1CAB37D52623F43C00513FD5 /* GenericWYNewsViewController.m */ = {isa = PBXFileReference; lastKnownFileType = sourcecode.c.objc; path = GenericWYNewsViewController.m; sourceTree = "<group>"; };
		1CAB37D82623F43C00513FD5 /* Base */ = {isa = PBXFileReference; lastKnownFileType = file.storyboard; name = Base; path = Base.lproj/Main.storyboard; sourceTree = "<group>"; };
		1CAB37DA2623F43D00513FD5 /* Assets.xcassets */ = {isa = PBXFileReference; lastKnownFileType = folder.assetcatalog; path = Assets.xcassets; sourceTree = "<group>"; };
		1CAB37DD2623F43D00513FD5 /* Base */ = {isa = PBXFileReference; lastKnownFileType = file.storyboard; name = Base; path = Base.lproj/LaunchScreen.storyboard; sourceTree = "<group>"; };
		1CAB37DF2623F43D00513FD5 /* Info.plist */ = {isa = PBXFileReference; lastKnownFileType = text.plist.xml; path = Info.plist; sourceTree = "<group>"; };
		1CAB37E02623F43D00513FD5 /* main.m */ = {isa = PBXFileReference; lastKnownFileType = sourcecode.c.objc; path = main.m; sourceTree = "<group>"; };
/* End PBXFileReference section */

/* Begin PBXFrameworksBuildPhase section */
		1CAB37C82623F43C00513FD5 /* Frameworks */ = {
			isa = PBXFrameworksBuildPhase;
			buildActionMask = 2147483647;
			files = (
			);
			runOnlyForDeploymentPostprocessing = 0;
		};
/* End PBXFrameworksBuildPhase section */

/* Begin PBXGroup section */
		1C33B89F2624344200187C9B /* core */ = {
			isa = PBXGroup;
			children = (
				1C33B9A826245AFC00187C9B /* science */,
				1C33B9A726245AF000187C9B /* subscribe */,
				1C33B9A626245ADC00187C9B /* social */,
				1C33B9A526245ACA00187C9B /* viedo */,
				1C33B9A426245ABB00187C9B /* hot */,
				1C33B9A326245AAE00187C9B /* topLine */,
				1C33B8A12624345400187C9B /* constant */,
			);
			path = core;
			sourceTree = "<group>";
		};
		1C33B8A12624345400187C9B /* constant */ = {
			isa = PBXGroup;
			children = (
				1C33B8A22624349D00187C9B /* NPConstant.h */,
			);
			path = constant;
			sourceTree = "<group>";
		};
		1C33B9A326245AAE00187C9B /* topLine */ = {
			isa = PBXGroup;
			children = (
				1C33B9A926245C0B00187C9B /* TopLineController.h */,
				1C33B9AA26245C0B00187C9B /* TopLineController.m */,
			);
			path = topLine;
			sourceTree = "<group>";
		};
		1C33B9A426245ABB00187C9B /* hot */ = {
			isa = PBXGroup;
			children = (
				1C33B9AE26245C1A00187C9B /* HotLineController.h */,
				1C33B9AF26245C1A00187C9B /* HotLineController.m */,
			);
			path = hot;
			sourceTree = "<group>";
		};
		1C33B9A526245ACA00187C9B /* viedo */ = {
			isa = PBXGroup;
			children = (
				1C33B9B226245C2B00187C9B /* NPViedoController.h */,
				1C33B9B326245C2B00187C9B /* NPViedoController.m */,
			);
			path = viedo;
			sourceTree = "<group>";
		};
		1C33B9A626245ADC00187C9B /* social */ = {
			isa = PBXGroup;
			children = (
				1C33B9B626245C3900187C9B /* NPSocialController.h */,
				1C33B9B726245C3900187C9B /* NPSocialController.m */,
			);
			path = social;
			sourceTree = "<group>";
		};
		1C33B9A726245AF000187C9B /* subscribe */ = {
			isa = PBXGroup;
			children = (
				1C33B9BA26245C5000187C9B /* NPSubscribeController.h */,
				1C33B9BB26245C5000187C9B /* NPSubscribeController.m */,
			);
			path = subscribe;
			sourceTree = "<group>";
		};
		1C33B9A826245AFC00187C9B /* science */ = {
			isa = PBXGroup;
			children = (
				1C33B9BE26245C6100187C9B /* NPScienceController.h */,
				1C33B9BF26245C6100187C9B /* NPScienceController.m */,
			);
			path = science;
			sourceTree = "<group>";
		};
		1CAB37C22623F43C00513FD5 = {
			isa = PBXGroup;
			children = (
				1CAB37CD2623F43C00513FD5 /* NewsProduct */,
				1CAB37CC2623F43C00513FD5 /* Products */,
			);
			sourceTree = "<group>";
		};
		1CAB37CC2623F43C00513FD5 /* Products */ = {
			isa = PBXGroup;
			children = (
				1CAB37CB2623F43C00513FD5 /* NewsProduct.app */,
			);
			name = Products;
			sourceTree = "<group>";
		};
		1CAB37CD2623F43C00513FD5 /* NewsProduct */ = {
			isa = PBXGroup;
			children = (
				1C33B89F2624344200187C9B /* core */,
				1CAB37CE2623F43C00513FD5 /* AppDelegate.h */,
				1CAB37CF2623F43C00513FD5 /* AppDelegate.m */,
				1CAB37D12623F43C00513FD5 /* SceneDelegate.h */,
				1CAB37D22623F43C00513FD5 /* SceneDelegate.m */,
				1CAB37D42623F43C00513FD5 /* GenericWYNewsViewController.h */,
				1CAB37D52623F43C00513FD5 /* GenericWYNewsViewController.m */,
				1C33B9C426253AA600187C9B /* NewsMainController.h */,
				1C33B9C526253AA600187C9B /* NewsMainController.m */,
				1CAB37D72623F43C00513FD5 /* Main.storyboard */,
				1CAB37DA2623F43D00513FD5 /* Assets.xcassets */,
				1CAB37DC2623F43D00513FD5 /* LaunchScreen.storyboard */,
				1CAB37DF2623F43D00513FD5 /* Info.plist */,
				1CAB37E02623F43D00513FD5 /* main.m */,
			);
			path = NewsProduct;
			sourceTree = "<group>";
		};
/* End PBXGroup section */

/* Begin PBXNativeTarget section */
		1CAB37CA2623F43C00513FD5 /* NewsProduct */ = {
			isa = PBXNativeTarget;
			buildConfigurationList = 1CAB37E42623F43D00513FD5 /* Build configuration list for PBXNativeTarget "NewsProduct" */;
			buildPhases = (
				1CAB37C72623F43C00513FD5 /* Sources */,
				1CAB37C82623F43C00513FD5 /* Frameworks */,
				1CAB37C92623F43C00513FD5 /* Resources */,
			);
			buildRules = (
			);
			dependencies = (
			);
			name = NewsProduct;
			productName = NewsProduct;
			productReference = 1CAB37CB2623F43C00513FD5 /* NewsProduct.app */;
			productType = "com.apple.product-type.application";
		};
/* End PBXNativeTarget section */

/* Begin PBXProject section */
		1CAB37C32623F43C00513FD5 /* Project object */ = {
			isa = PBXProject;
			attributes = {
				LastUpgradeCheck = 1240;
				TargetAttributes = {
					1CAB37CA2623F43C00513FD5 = {
						CreatedOnToolsVersion = 12.4;
					};
				};
			};
			buildConfigurationList = 1CAB37C62623F43C00513FD5 /* Build configuration list for PBXProject "NewsProduct" */;
			compatibilityVersion = "Xcode 9.3";
			developmentRegion = en;
			hasScannedForEncodings = 0;
			knownRegions = (
				en,
				Base,
			);
			mainGroup = 1CAB37C22623F43C00513FD5;
			productRefGroup = 1CAB37CC2623F43C00513FD5 /* Products */;
			projectDirPath = "";
			projectRoot = "";
			targets = (
				1CAB37CA2623F43C00513FD5 /* NewsProduct */,
			);
		};
/* End PBXProject section */

/* Begin PBXResourcesBuildPhase section */
		1CAB37C92623F43C00513FD5 /* Resources */ = {
			isa = PBXResourcesBuildPhase;
			buildActionMask = 2147483647;
			files = (
				1CAB37DE2623F43D00513FD5 /* LaunchScreen.storyboard in Resources */,
				1CAB37DB2623F43D00513FD5 /* Assets.xcassets in Resources */,
				1CAB37D92623F43C00513FD5 /* Main.storyboard in Resources */,
			);
			runOnlyForDeploymentPostprocessing = 0;
		};
/* End PBXResourcesBuildPhase section */

/* Begin PBXSourcesBuildPhase section */
		1CAB37C72623F43C00513FD5 /* Sources */ = {
			isa = PBXSourcesBuildPhase;
			buildActionMask = 2147483647;
			files = (
				1CAB37D62623F43C00513FD5 /* GenericWYNewsViewController.m in Sources */,
				1CAB37D02623F43C00513FD5 /* AppDelegate.m in Sources */,
				1C33B9C026245C6100187C9B /* NPScienceController.m in Sources */,
				1C33B9C626253AA600187C9B /* NewsMainController.m in Sources */,
				1CAB37E12623F43D00513FD5 /* main.m in Sources */,
				1CAB37D32623F43C00513FD5 /* SceneDelegate.m in Sources */,
				1C33B9BC26245C5000187C9B /* NPSubscribeController.m in Sources */,
				1C33B9B826245C3900187C9B /* NPSocialController.m in Sources */,
				1C33B9B426245C2B00187C9B /* NPViedoController.m in Sources */,
				1C33B9AB26245C0B00187C9B /* TopLineController.m in Sources */,
				1C33B9B026245C1A00187C9B /* HotLineController.m in Sources */,
			);
			runOnlyForDeploymentPostprocessing = 0;
		};
/* End PBXSourcesBuildPhase section */

/* Begin PBXVariantGroup section */
		1CAB37D72623F43C00513FD5 /* Main.storyboard */ = {
			isa = PBXVariantGroup;
			children = (
				1CAB37D82623F43C00513FD5 /* Base */,
			);
			name = Main.storyboard;
			sourceTree = "<group>";
		};
		1CAB37DC2623F43D00513FD5 /* LaunchScreen.storyboard */ = {
			isa = PBXVariantGroup;
			children = (
				1CAB37DD2623F43D00513FD5 /* Base */,
			);
			name = LaunchScreen.storyboard;
			sourceTree = "<group>";
		};
/* End PBXVariantGroup section */

/* Begin XCBuildConfiguration section */
		1CAB37E22623F43D00513FD5 /* Debug */ = {
			isa = XCBuildConfiguration;
			buildSettings = {
				ALWAYS_SEARCH_USER_PATHS = NO;
				CLANG_ANALYZER_NONNULL = YES;
				CLANG_ANALYZER_NUMBER_OBJECT_CONVERSION = YES_AGGRESSIVE;
				CLANG_CXX_LANGUAGE_STANDARD = "gnu++14";
				CLANG_CXX_LIBRARY = "libc++";
				CLANG_ENABLE_MODULES = YES;
				CLANG_ENABLE_OBJC_ARC = YES;
				CLANG_ENABLE_OBJC_WEAK = YES;
				CLANG_WARN_BLOCK_CAPTURE_AUTORELEASING = YES;
				CLANG_WARN_BOOL_CONVERSION = YES;
				CLANG_WARN_COMMA = YES;
				CLANG_WARN_CONSTANT_CONVERSION = YES;
				CLANG_WARN_DEPRECATED_OBJC_IMPLEMENTATIONS = YES;
				CLANG_WARN_DIRECT_OBJC_ISA_USAGE = YES_ERROR;
				CLANG_WARN_DOCUMENTATION_COMMENTS = YES;
				CLANG_WARN_EMPTY_BODY = YES;
				CLANG_WARN_ENUM_CONVERSION = YES;
				CLANG_WARN_INFINITE_RECURSION = YES;
				CLANG_WARN_INT_CONVERSION = YES;
				CLANG_WARN_NON_LITERAL_NULL_CONVERSION = YES;
				CLANG_WARN_OBJC_IMPLICIT_RETAIN_SELF = YES;
				CLANG_WARN_OBJC_LITERAL_CONVERSION = YES;
				CLANG_WARN_OBJC_ROOT_CLASS = YES_ERROR;
				CLANG_WARN_QUOTED_INCLUDE_IN_FRAMEWORK_HEADER = YES;
				CLANG_WARN_RANGE_LOOP_ANALYSIS = YES;
				CLANG_WARN_STRICT_PROTOTYPES = YES;
				CLANG_WARN_SUSPICIOUS_MOVE = YES;
				CLANG_WARN_UNGUARDED_AVAILABILITY = YES_AGGRESSIVE;
				CLANG_WARN_UNREACHABLE_CODE = YES;
				CLANG_WARN__DUPLICATE_METHOD_MATCH = YES;
				COPY_PHASE_STRIP = NO;
				DEBUG_INFORMATION_FORMAT = dwarf;
				ENABLE_STRICT_OBJC_MSGSEND = YES;
				ENABLE_TESTABILITY = YES;
				GCC_C_LANGUAGE_STANDARD = gnu11;
				GCC_DYNAMIC_NO_PIC = NO;
				GCC_NO_COMMON_BLOCKS = YES;
				GCC_OPTIMIZATION_LEVEL = 0;
				GCC_PREPROCESSOR_DEFINITIONS = (
					"DEBUG=1",
					"$(inherited)",
				);
				GCC_WARN_64_TO_32_BIT_CONVERSION = YES;
				GCC_WARN_ABOUT_RETURN_TYPE = YES_ERROR;
				GCC_WARN_UNDECLARED_SELECTOR = YES;
				GCC_WARN_UNINITIALIZED_AUTOS = YES_AGGRESSIVE;
				GCC_WARN_UNUSED_FUNCTION = YES;
				GCC_WARN_UNUSED_VARIABLE = YES;
				IPHONEOS_DEPLOYMENT_TARGET = 9.0;
				MTL_ENABLE_DEBUG_INFO = INCLUDE_SOURCE;
				MTL_FAST_MATH = YES;
				ONLY_ACTIVE_ARCH = YES;
				SDKROOT = iphoneos;
			};
			name = Debug;
		};
		1CAB37E32623F43D00513FD5 /* Release */ = {
			isa = XCBuildConfiguration;
			buildSettings = {
				ALWAYS_SEARCH_USER_PATHS = NO;
				CLANG_ANALYZER_NONNULL = YES;
				CLANG_ANALYZER_NUMBER_OBJECT_CONVERSION = YES_AGGRESSIVE;
				CLANG_CXX_LANGUAGE_STANDARD = "gnu++14";
				CLANG_CXX_LIBRARY = "libc++";
				CLANG_ENABLE_MODULES = YES;
				CLANG_ENABLE_OBJC_ARC = YES;
				CLANG_ENABLE_OBJC_WEAK = YES;
				CLANG_WARN_BLOCK_CAPTURE_AUTORELEASING = YES;
				CLANG_WARN_BOOL_CONVERSION = YES;
				CLANG_WARN_COMMA = YES;
				CLANG_WARN_CONSTANT_CONVERSION = YES;
				CLANG_WARN_DEPRECATED_OBJC_IMPLEMENTATIONS = YES;
				CLANG_WARN_DIRECT_OBJC_ISA_USAGE = YES_ERROR;
				CLANG_WARN_DOCUMENTATION_COMMENTS = YES;
				CLANG_WARN_EMPTY_BODY = YES;
				CLANG_WARN_ENUM_CONVERSION = YES;
				CLANG_WARN_INFINITE_RECURSION = YES;
				CLANG_WARN_INT_CONVERSION = YES;
				CLANG_WARN_NON_LITERAL_NULL_CONVERSION = YES;
				CLANG_WARN_OBJC_IMPLICIT_RETAIN_SELF = YES;
				CLANG_WARN_OBJC_LITERAL_CONVERSION = YES;
				CLANG_WARN_OBJC_ROOT_CLASS = YES_ERROR;
				CLANG_WARN_QUOTED_INCLUDE_IN_FRAMEWORK_HEADER = YES;
				CLANG_WARN_RANGE_LOOP_ANALYSIS = YES;
				CLANG_WARN_STRICT_PROTOTYPES = YES;
				CLANG_WARN_SUSPICIOUS_MOVE = YES;
				CLANG_WARN_UNGUARDED_AVAILABILITY = YES_AGGRESSIVE;
				CLANG_WARN_UNREACHABLE_CODE = YES;
				CLANG_WARN__DUPLICATE_METHOD_MATCH = YES;
				COPY_PHASE_STRIP = NO;
				DEBUG_INFORMATION_FORMAT = "dwarf-with-dsym";
				ENABLE_NS_ASSERTIONS = NO;
				ENABLE_STRICT_OBJC_MSGSEND = YES;
				GCC_C_LANGUAGE_STANDARD = gnu11;
				GCC_NO_COMMON_BLOCKS = YES;
				GCC_WARN_64_TO_32_BIT_CONVERSION = YES;
				GCC_WARN_ABOUT_RETURN_TYPE = YES_ERROR;
				GCC_WARN_UNDECLARED_SELECTOR = YES;
				GCC_WARN_UNINITIALIZED_AUTOS = YES_AGGRESSIVE;
				GCC_WARN_UNUSED_FUNCTION = YES;
				GCC_WARN_UNUSED_VARIABLE = YES;
				IPHONEOS_DEPLOYMENT_TARGET = 9.0;
				MTL_ENABLE_DEBUG_INFO = NO;
				MTL_FAST_MATH = YES;
				SDKROOT = iphoneos;
				VALIDATE_PRODUCT = YES;
			};
			name = Release;
		};
		1CAB37E52623F43D00513FD5 /* Debug */ = {
			isa = XCBuildConfiguration;
			buildSettings = {
				ASSETCATALOG_COMPILER_APPICON_NAME = AppIcon;
				ASSETCATALOG_COMPILER_GLOBAL_ACCENT_COLOR_NAME = AccentColor;
				CODE_SIGN_STYLE = Automatic;
				INFOPLIST_FILE = NewsProduct/Info.plist;
				LD_RUNPATH_SEARCH_PATHS = (
					"$(inherited)",
					"@executable_path/Frameworks",
				);
				PRODUCT_BUNDLE_IDENTIFIER = com.test.NewsProduct;
				PRODUCT_NAME = "$(TARGET_NAME)";
				TARGETED_DEVICE_FAMILY = "1,2";
			};
			name = Debug;
		};
		1CAB37E62623F43D00513FD5 /* Release */ = {
			isa = XCBuildConfiguration;
			buildSettings = {
				ASSETCATALOG_COMPILER_APPICON_NAME = AppIcon;
				ASSETCATALOG_COMPILER_GLOBAL_ACCENT_COLOR_NAME = AccentColor;
				CODE_SIGN_STYLE = Automatic;
				INFOPLIST_FILE = NewsProduct/Info.plist;
				LD_RUNPATH_SEARCH_PATHS = (
					"$(inherited)",
					"@executable_path/Frameworks",
				);
				PRODUCT_BUNDLE_IDENTIFIER = com.test.NewsProduct;
				PRODUCT_NAME = "$(TARGET_NAME)";
				TARGETED_DEVICE_FAMILY = "1,2";
			};
			name = Release;
		};
/* End XCBuildConfiguration section */

/* Begin XCConfigurationList section */
		1CAB37C62623F43C00513FD5 /* Build configuration list for PBXProject "NewsProduct" */ = {
			isa = XCConfigurationList;
			buildConfigurations = (
				1CAB37E22623F43D00513FD5 /* Debug */,
				1CAB37E32623F43D00513FD5 /* Release */,
			);
			defaultConfigurationIsVisible = 0;
			defaultConfigurationName = Release;
		};
		1CAB37E42623F43D00513FD5 /* Build configuration list for PBXNativeTarget "NewsProduct" */ = {
			isa = XCConfigurationList;
			buildConfigurations = (
				1CAB37E52623F43D00513FD5 /* Debug */,
				1CAB37E62623F43D00513FD5 /* Release */,
			);
			defaultConfigurationIsVisible = 0;
			defaultConfigurationName = Release;
		};
/* End XCConfigurationList section */
	};
	rootObject = 1CAB37C32623F43C00513FD5 /* Project object */;
}
